
Microsoft Visual Studio Solution File, Format Version 12.00
# Visual Studio 15
VisualStudioVersion = 15.0.28010.2026
MinimumVisualStudioVersion = 10.0.40219.1
Project("{FAE04EC0-301F-11D3-BF4B-00C04F79EFBC}") = "Vk.CSharp.Sdk.App", "Vk.CSharp.Sdk.App\Vk.CSharp.Sdk.App.csproj", "{39BA80C3-DEFD-4B2B-926B-A4167DA94F54}"
EndProject
Project("{FAE04EC0-301F-11D3-BF4B-00C04F79EFBC}") = "Vk.CSharp.Sdk", "Vk.CSharp.Sdk\Vk.CSharp.Sdk.csproj", "{1F2EA375-3426-4EB4-AD22-F0AEA027695D}"
EndProject
Project("{FAE04EC0-301F-11D3-BF4B-00C04F79EFBC}") = "Vk.CSharp.Sdk.Tests", "Vk.CSharp.Sdk.Tests\Vk.CSharp.Sdk.Tests.csproj", "{59A96EA9-ABD4-40F5-9E76-5480DD8DAB98}"
EndProject
Global
	GlobalSection(SolutionConfigurationPlatforms) = preSolution
		Debug|Any CPU = Debug|Any CPU
		Release|Any CPU = Release|Any CPU
	EndGlobalSection
	GlobalSection(ProjectConfigurationPlatforms) = postSolution
		{39BA80C3-DEFD-4B2B-926B-A4167DA94F54}.Debug|Any CPU.ActiveCfg = Debug|Any CPU
		{39BA80C3-DEFD-4B2B-926B-A4167DA94F54}.Debug|Any CPU.Build.0 = Debug|Any CPU
		{39BA80C3-DEFD-4B2B-926B-A4167DA94F54}.Release|Any CPU.ActiveCfg = Release|Any CPU
		{39BA80C3-DEFD-4B2B-926B-A4167DA94F54}.Release|Any CPU.Build.0 = Release|Any CPU
		{1F2EA375-3426-4EB4-AD22-F0AEA027695D}.Debug|Any CPU.ActiveCfg = Debug|Any CPU
		{1F2EA375-3426-4EB4-AD22-F0AEA027695D}.Debug|Any CPU.Build.0 = Debug|Any CPU
		{1F2EA375-3426-4EB4-AD22-F0AEA027695D}.Release|Any CPU.ActiveCfg = Release|Any CPU
		{1F2EA375-3426-4EB4-AD22-F0AEA027695D}.Release|Any CPU.Build.0 = Release|Any CPU
		{59A96EA9-ABD4-40F5-9E76-5480DD8DAB98}.Debug|Any CPU.ActiveCfg = Debug|Any CPU
		{59A96EA9-ABD4-40F5-9E76-5480DD8DAB98}.Debug|Any CPU.Build.0 = Debug|Any CPU
		{59A96EA9-ABD4-40F5-9E76-5480DD8DAB98}.Release|Any CPU.ActiveCfg = Release|Any CPU
		{59A96EA9-ABD4-40F5-9E76-5480DD8DAB98}.Release|Any CPU.Build.0 = Release|Any CPU
	EndGlobalSection
	GlobalSection(SolutionProperties) = preSolution
		HideSolutionNode = FALSE
	EndGlobalSection
	GlobalSection(ExtensibilityGlobals) = postSolution
		SolutionGuid = {96AFEA65-8C0D-4AE1-AD87-9C576BC06A80}
	EndGlobalSection
EndGlobal
